// !$*UTF8*$!
{
	archiveVersion = 1;
	classes = {
	};
	objectVersion = 56;
	objects = {

/* Begin PBXBuildFile section */
		14F4BE272A58F00A00507934 /* MovieCollectionViewController.swift in Sources */ = {isa = PBXBuildFile; fileRef = 14F4BE262A58F00A00507934 /* MovieCollectionViewController.swift */; };
		14F4BE292A590F3000507934 /* GridViewController.swift in Sources */ = {isa = PBXBuildFile; fileRef = 14F4BE282A590F3000507934 /* GridViewController.swift */; };
		56252D5A2A5653BE00608E5A /* UIColor++.swift in Sources */ = {isa = PBXBuildFile; fileRef = 56252D592A5653BE00608E5A /* UIColor++.swift */; };
		56252D602A5659B300608E5A /* constants.swift in Sources */ = {isa = PBXBuildFile; fileRef = 56252D5F2A5659B300608E5A /* constants.swift */; };
		565DF3A62A53DF1600501002 /* AppDelegate.swift in Sources */ = {isa = PBXBuildFile; fileRef = 565DF3A52A53DF1600501002 /* AppDelegate.swift */; };
		565DF3A82A53DF1600501002 /* SceneDelegate.swift in Sources */ = {isa = PBXBuildFile; fileRef = 565DF3A72A53DF1600501002 /* SceneDelegate.swift */; };
		565DF3AA2A53DF1600501002 /* ViewController.swift in Sources */ = {isa = PBXBuildFile; fileRef = 565DF3A92A53DF1600501002 /* ViewController.swift */; };
		565DF3AD2A53DF1600501002 /* Main.storyboard in Resources */ = {isa = PBXBuildFile; fileRef = 565DF3AB2A53DF1600501002 /* Main.storyboard */; };
		565DF3AF2A53DF1700501002 /* Assets.xcassets in Resources */ = {isa = PBXBuildFile; fileRef = 565DF3AE2A53DF1700501002 /* Assets.xcassets */; };
		565DF3B22A53DF1700501002 /* LaunchScreen.storyboard in Resources */ = {isa = PBXBuildFile; fileRef = 565DF3B02A53DF1700501002 /* LaunchScreen.storyboard */; };
		565DF3BA2A53E15B00501002 /* LogInViewController.swift in Sources */ = {isa = PBXBuildFile; fileRef = 565DF3B92A53E15B00501002 /* LogInViewController.swift */; };
		565DF3BC2A53E18B00501002 /* SignUpViewController.swift in Sources */ = {isa = PBXBuildFile; fileRef = 565DF3BB2A53E18B00501002 /* SignUpViewController.swift */; };
		565DF3BF2A53E1D600501002 /* MovieObj.swift in Sources */ = {isa = PBXBuildFile; fileRef = 565DF3BE2A53E1D600501002 /* MovieObj.swift */; };
		565DF3C12A53E1F900501002 /* MoviesTableViewCell.swift in Sources */ = {isa = PBXBuildFile; fileRef = 565DF3C02A53E1F900501002 /* MoviesTableViewCell.swift */; };
		565DF3C32A53E21800501002 /* MoviesViewController.swift in Sources */ = {isa = PBXBuildFile; fileRef = 565DF3C22A53E21800501002 /* MoviesViewController.swift */; };
		566F02E22A579FEA00FDC414 /* MoviesData.swift in Sources */ = {isa = PBXBuildFile; fileRef = 566F02E12A579FEA00FDC414 /* MoviesData.swift */; };
		566F02E42A57A87F00FDC414 /* DetailViewController.swift in Sources */ = {isa = PBXBuildFile; fileRef = 566F02E32A57A87F00FDC414 /* DetailViewController.swift */; };
		566F02E72A57BC6E00FDC414 /* CollectionMoviesObject.swift in Sources */ = {isa = PBXBuildFile; fileRef = 566F02E62A57BC6E00FDC414 /* CollectionMoviesObject.swift */; };
/* End PBXBuildFile section */

/* Begin PBXFileReference section */
		14F4BE262A58F00A00507934 /* MovieCollectionViewController.swift */ = {isa = PBXFileReference; lastKnownFileType = sourcecode.swift; path = MovieCollectionViewController.swift; sourceTree = "<group>"; };
		14F4BE282A590F3000507934 /* GridViewController.swift */ = {isa = PBXFileReference; lastKnownFileType = sourcecode.swift; path = GridViewController.swift; sourceTree = "<group>"; };
		56252D592A5653BE00608E5A /* UIColor++.swift */ = {isa = PBXFileReference; lastKnownFileType = sourcecode.swift; path = "UIColor++.swift"; sourceTree = "<group>"; };
		56252D5F2A5659B300608E5A /* constants.swift */ = {isa = PBXFileReference; lastKnownFileType = sourcecode.swift; path = constants.swift; sourceTree = "<group>"; };
		565DF3A22A53DF1600501002 /* FirePlay.app */ = {isa = PBXFileReference; explicitFileType = wrapper.application; includeInIndex = 0; path = FirePlay.app; sourceTree = BUILT_PRODUCTS_DIR; };
		565DF3A52A53DF1600501002 /* AppDelegate.swift */ = {isa = PBXFileReference; lastKnownFileType = sourcecode.swift; path = AppDelegate.swift; sourceTree = "<group>"; };
		565DF3A72A53DF1600501002 /* SceneDelegate.swift */ = {isa = PBXFileReference; lastKnownFileType = sourcecode.swift; path = SceneDelegate.swift; sourceTree = "<group>"; };
		565DF3A92A53DF1600501002 /* ViewController.swift */ = {isa = PBXFileReference; lastKnownFileType = sourcecode.swift; path = ViewController.swift; sourceTree = "<group>"; };
		565DF3AC2A53DF1600501002 /* Base */ = {isa = PBXFileReference; lastKnownFileType = file.storyboard; name = Base; path = Base.lproj/Main.storyboard; sourceTree = "<group>"; };
		565DF3AE2A53DF1700501002 /* Assets.xcassets */ = {isa = PBXFileReference; lastKnownFileType = folder.assetcatalog; path = Assets.xcassets; sourceTree = "<group>"; };
		565DF3B12A53DF1700501002 /* Base */ = {isa = PBXFileReference; lastKnownFileType = file.storyboard; name = Base; path = Base.lproj/LaunchScreen.storyboard; sourceTree = "<group>"; };
		565DF3B32A53DF1700501002 /* Info.plist */ = {isa = PBXFileReference; lastKnownFileType = text.plist.xml; path = Info.plist; sourceTree = "<group>"; };
		565DF3B92A53E15B00501002 /* LogInViewController.swift */ = {isa = PBXFileReference; lastKnownFileType = sourcecode.swift; path = LogInViewController.swift; sourceTree = "<group>"; };
		565DF3BB2A53E18B00501002 /* SignUpViewController.swift */ = {isa = PBXFileReference; lastKnownFileType = sourcecode.swift; path = SignUpViewController.swift; sourceTree = "<group>"; };
		565DF3BE2A53E1D600501002 /* MovieObj.swift */ = {isa = PBXFileReference; lastKnownFileType = sourcecode.swift; path = MovieObj.swift; sourceTree = "<group>"; };
		565DF3C02A53E1F900501002 /* MoviesTableViewCell.swift */ = {isa = PBXFileReference; lastKnownFileType = sourcecode.swift; path = MoviesTableViewCell.swift; sourceTree = "<group>"; };
		565DF3C22A53E21800501002 /* MoviesViewController.swift */ = {isa = PBXFileReference; lastKnownFileType = sourcecode.swift; path = MoviesViewController.swift; sourceTree = "<group>"; };
		566F02E12A579FEA00FDC414 /* MoviesData.swift */ = {isa = PBXFileReference; lastKnownFileType = sourcecode.swift; path = MoviesData.swift; sourceTree = "<group>"; };
		566F02E32A57A87F00FDC414 /* DetailViewController.swift */ = {isa = PBXFileReference; lastKnownFileType = sourcecode.swift; path = DetailViewController.swift; sourceTree = "<group>"; };
		566F02E62A57BC6E00FDC414 /* CollectionMoviesObject.swift */ = {isa = PBXFileReference; lastKnownFileType = sourcecode.swift; path = CollectionMoviesObject.swift; sourceTree = "<group>"; };
/* End PBXFileReference section */

/* Begin PBXFrameworksBuildPhase section */
		565DF39F2A53DF1600501002 /* Frameworks */ = {
			isa = PBXFrameworksBuildPhase;
			buildActionMask = 2147483647;
			files = (
			);
			runOnlyForDeploymentPostprocessing = 0;
		};
/* End PBXFrameworksBuildPhase section */

/* Begin PBXGroup section */
		56252D582A56535C00608E5A /* Extensions */ = {
			isa = PBXGroup;
			children = (
				56252D592A5653BE00608E5A /* UIColor++.swift */,
				56252D5F2A5659B300608E5A /* constants.swift */,
			);
			path = Extensions;
			sourceTree = "<group>";
		};
		565DF3992A53DF1600501002 = {
			isa = PBXGroup;
			children = (
				565DF3A42A53DF1600501002 /* FirePlay */,
				565DF3A32A53DF1600501002 /* Products */,
			);
			sourceTree = "<group>";
		};
		565DF3A32A53DF1600501002 /* Products */ = {
			isa = PBXGroup;
			children = (
				565DF3A22A53DF1600501002 /* FirePlay.app */,
			);
			name = Products;
			sourceTree = "<group>";
		};
		565DF3A42A53DF1600501002 /* FirePlay */ = {
			isa = PBXGroup;
			children = (
				566F02E52A57BC1D00FDC414 /* MoviesCollection */,
				56252D582A56535C00608E5A /* Extensions */,
				565DF3BD2A53E1B400501002 /* Movies */,
				565DF3A52A53DF1600501002 /* AppDelegate.swift */,
				565DF3A72A53DF1600501002 /* SceneDelegate.swift */,
				565DF3A92A53DF1600501002 /* ViewController.swift */,
				14F4BE282A590F3000507934 /* GridViewController.swift */,
				565DF3BB2A53E18B00501002 /* SignUpViewController.swift */,
				565DF3B92A53E15B00501002 /* LogInViewController.swift */,
				566F02E12A579FEA00FDC414 /* MoviesData.swift */,
				565DF3AB2A53DF1600501002 /* Main.storyboard */,
				565DF3AE2A53DF1700501002 /* Assets.xcassets */,
				565DF3B02A53DF1700501002 /* LaunchScreen.storyboard */,
				565DF3B32A53DF1700501002 /* Info.plist */,
			);
			path = FirePlay;
			sourceTree = "<group>";
		};
		565DF3BD2A53E1B400501002 /* Movies */ = {
			isa = PBXGroup;
			children = (
				565DF3BE2A53E1D600501002 /* MovieObj.swift */,
				565DF3C02A53E1F900501002 /* MoviesTableViewCell.swift */,
				565DF3C22A53E21800501002 /* MoviesViewController.swift */,
				566F02E32A57A87F00FDC414 /* DetailViewController.swift */,
			);
			path = Movies;
			sourceTree = "<group>";
		};
		566F02E52A57BC1D00FDC414 /* MoviesCollection */ = {
			isa = PBXGroup;
			children = (
				14F4BE262A58F00A00507934 /* MovieCollectionViewController.swift */,
				566F02E62A57BC6E00FDC414 /* CollectionMoviesObject.swift */,
			);
			path = MoviesCollection;
			sourceTree = "<group>";
		};
/* End PBXGroup section */

/* Begin PBXNativeTarget section */
		565DF3A12A53DF1600501002 /* FirePlay */ = {
			isa = PBXNativeTarget;
			buildConfigurationList = 565DF3B62A53DF1700501002 /* Build configuration list for PBXNativeTarget "FirePlay" */;
			buildPhases = (
				565DF39E2A53DF1600501002 /* Sources */,
				565DF39F2A53DF1600501002 /* Frameworks */,
				565DF3A02A53DF1600501002 /* Resources */,
			);
			buildRules = (
			);
			dependencies = (
			);
			name = FirePlay;
			productName = FirePlay;
			productReference = 565DF3A22A53DF1600501002 /* FirePlay.app */;
			productType = "com.apple.product-type.application";
		};
/* End PBXNativeTarget section */

/* Begin PBXProject section */
		565DF39A2A53DF1600501002 /* Project object */ = {
			isa = PBXProject;
			attributes = {
				BuildIndependentTargetsInParallel = 1;
				LastSwiftUpdateCheck = 1420;
				LastUpgradeCheck = 1420;
				TargetAttributes = {
					565DF3A12A53DF1600501002 = {
						CreatedOnToolsVersion = 14.2;
					};
				};
			};
			buildConfigurationList = 565DF39D2A53DF1600501002 /* Build configuration list for PBXProject "FirePlay" */;
			compatibilityVersion = "Xcode 14.0";
			developmentRegion = en;
			hasScannedForEncodings = 0;
			knownRegions = (
				en,
				Base,
			);
			mainGroup = 565DF3992A53DF1600501002;
			productRefGroup = 565DF3A32A53DF1600501002 /* Products */;
			projectDirPath = "";
			projectRoot = "";
			targets = (
				565DF3A12A53DF1600501002 /* FirePlay */,
			);
		};
/* End PBXProject section */

/* Begin PBXResourcesBuildPhase section */
		565DF3A02A53DF1600501002 /* Resources */ = {
			isa = PBXResourcesBuildPhase;
			buildActionMask = 2147483647;
			files = (
				565DF3B22A53DF1700501002 /* LaunchScreen.storyboard in Resources */,
				565DF3AF2A53DF1700501002 /* Assets.xcassets in Resources */,
				565DF3AD2A53DF1600501002 /* Main.storyboard in Resources */,
			);
			runOnlyForDeploymentPostprocessing = 0;
		};
/* End PBXResourcesBuildPhase section */

/* Begin PBXSourcesBuildPhase section */
		565DF39E2A53DF1600501002 /* Sources */ = {
			isa = PBXSourcesBuildPhase;
			buildActionMask = 2147483647;
			files = (
				565DF3BA2A53E15B00501002 /* LogInViewController.swift in Sources */,
				565DF3AA2A53DF1600501002 /* ViewController.swift in Sources */,
				565DF3A62A53DF1600501002 /* AppDelegate.swift in Sources */,
				14F4BE272A58F00A00507934 /* MovieCollectionViewController.swift in Sources */,
				566F02E42A57A87F00FDC414 /* DetailViewController.swift in Sources */,
				566F02E72A57BC6E00FDC414 /* CollectionMoviesObject.swift in Sources */,
				56252D602A5659B300608E5A /* constants.swift in Sources */,
				565DF3A82A53DF1600501002 /* SceneDelegate.swift in Sources */,
				565DF3BF2A53E1D600501002 /* MovieObj.swift in Sources */,
				566F02E22A579FEA00FDC414 /* MoviesData.swift in Sources */,
				565DF3C12A53E1F900501002 /* MoviesTableViewCell.swift in Sources */,
				14F4BE292A590F3000507934 /* GridViewController.swift in Sources */,
				565DF3BC2A53E18B00501002 /* SignUpViewController.swift in Sources */,
				565DF3C32A53E21800501002 /* MoviesViewController.swift in Sources */,
				56252D5A2A5653BE00608E5A /* UIColor++.swift in Sources */,
			);
			runOnlyForDeploymentPostprocessing = 0;
		};
/* End PBXSourcesBuildPhase section */

/* Begin PBXVariantGroup section */
		565DF3AB2A53DF1600501002 /* Main.storyboard */ = {
			isa = PBXVariantGroup;
			children = (
				565DF3AC2A53DF1600501002 /* Base */,
			);
			name = Main.storyboard;
			sourceTree = "<group>";
		};
		565DF3B02A53DF1700501002 /* LaunchScreen.storyboard */ = {
			isa = PBXVariantGroup;
			children = (
				565DF3B12A53DF1700501002 /* Base */,
			);
			name = LaunchScreen.storyboard;
			sourceTree = "<group>";
		};
/* End PBXVariantGroup section */

/* Begin XCBuildConfiguration section */
		565DF3B42A53DF1700501002 /* Debug */ = {
			isa = XCBuildConfiguration;
			buildSettings = {
				ALWAYS_SEARCH_USER_PATHS = NO;
				CLANG_ANALYZER_NONNULL = YES;
				CLANG_ANALYZER_NUMBER_OBJECT_CONVERSION = YES_AGGRESSIVE;
				CLANG_CXX_LANGUAGE_STANDARD = "gnu++20";
				CLANG_ENABLE_MODULES = YES;
				CLANG_ENABLE_OBJC_ARC = YES;
				CLANG_ENABLE_OBJC_WEAK = YES;
				CLANG_WARN_BLOCK_CAPTURE_AUTORELEASING = YES;
				CLANG_WARN_BOOL_CONVERSION = YES;
				CLANG_WARN_COMMA = YES;
				CLANG_WARN_CONSTANT_CONVERSION = YES;
				CLANG_WARN_DEPRECATED_OBJC_IMPLEMENTATIONS = YES;
				CLANG_WARN_DIRECT_OBJC_ISA_USAGE = YES_ERROR;
				CLANG_WARN_DOCUMENTATION_COMMENTS = YES;
				CLANG_WARN_EMPTY_BODY = YES;
				CLANG_WARN_ENUM_CONVERSION = YES;
				CLANG_WARN_INFINITE_RECURSION = YES;
				CLANG_WARN_INT_CONVERSION = YES;
				CLANG_WARN_NON_LITERAL_NULL_CONVERSION = YES;
				CLANG_WARN_OBJC_IMPLICIT_RETAIN_SELF = YES;
				CLANG_WARN_OBJC_LITERAL_CONVERSION = YES;
				CLANG_WARN_OBJC_ROOT_CLASS = YES_ERROR;
				CLANG_WARN_QUOTED_INCLUDE_IN_FRAMEWORK_HEADER = YES;
				CLANG_WARN_RANGE_LOOP_ANALYSIS = YES;
				CLANG_WARN_STRICT_PROTOTYPES = YES;
				CLANG_WARN_SUSPICIOUS_MOVE = YES;
				CLANG_WARN_UNGUARDED_AVAILABILITY = YES_AGGRESSIVE;
				CLANG_WARN_UNREACHABLE_CODE = YES;
				CLANG_WARN__DUPLICATE_METHOD_MATCH = YES;
				COPY_PHASE_STRIP = NO;
				DEBUG_INFORMATION_FORMAT = dwarf;
				ENABLE_STRICT_OBJC_MSGSEND = YES;
				ENABLE_TESTABILITY = YES;
				GCC_C_LANGUAGE_STANDARD = gnu11;
				GCC_DYNAMIC_NO_PIC = NO;
				GCC_NO_COMMON_BLOCKS = YES;
				GCC_OPTIMIZATION_LEVEL = 0;
				GCC_PREPROCESSOR_DEFINITIONS = (
					"DEBUG=1",
					"$(inherited)",
				);
				GCC_WARN_64_TO_32_BIT_CONVERSION = YES;
				GCC_WARN_ABOUT_RETURN_TYPE = YES_ERROR;
				GCC_WARN_UNDECLARED_SELECTOR = YES;
				GCC_WARN_UNINITIALIZED_AUTOS = YES_AGGRESSIVE;
				GCC_WARN_UNUSED_FUNCTION = YES;
				GCC_WARN_UNUSED_VARIABLE = YES;
				IPHONEOS_DEPLOYMENT_TARGET = 16.2;
				MTL_ENABLE_DEBUG_INFO = INCLUDE_SOURCE;
				MTL_FAST_MATH = YES;
				ONLY_ACTIVE_ARCH = YES;
				SDKROOT = iphoneos;
				SWIFT_ACTIVE_COMPILATION_CONDITIONS = DEBUG;
				SWIFT_OPTIMIZATION_LEVEL = "-Onone";
			};
			name = Debug;
		};
		565DF3B52A53DF1700501002 /* Release */ = {
			isa = XCBuildConfiguration;
			buildSettings = {
				ALWAYS_SEARCH_USER_PATHS = NO;
				CLANG_ANALYZER_NONNULL = YES;
				CLANG_ANALYZER_NUMBER_OBJECT_CONVERSION = YES_AGGRESSIVE;
				CLANG_CXX_LANGUAGE_STANDARD = "gnu++20";
				CLANG_ENABLE_MODULES = YES;
				CLANG_ENABLE_OBJC_ARC = YES;
				CLANG_ENABLE_OBJC_WEAK = YES;
				CLANG_WARN_BLOCK_CAPTURE_AUTORELEASING = YES;
				CLANG_WARN_BOOL_CONVERSION = YES;
				CLANG_WARN_COMMA = YES;
				CLANG_WARN_CONSTANT_CONVERSION = YES;
				CLANG_WARN_DEPRECATED_OBJC_IMPLEMENTATIONS = YES;
				CLANG_WARN_DIRECT_OBJC_ISA_USAGE = YES_ERROR;
				CLANG_WARN_DOCUMENTATION_COMMENTS = YES;
				CLANG_WARN_EMPTY_BODY = YES;
				CLANG_WARN_ENUM_CONVERSION = YES;
				CLANG_WARN_INFINITE_RECURSION = YES;
				CLANG_WARN_INT_CONVERSION = YES;
				CLANG_WARN_NON_LITERAL_NULL_CONVERSION = YES;
				CLANG_WARN_OBJC_IMPLICIT_RETAIN_SELF = YES;
				CLANG_WARN_OBJC_LITERAL_CONVERSION = YES;
				CLANG_WARN_OBJC_ROOT_CLASS = YES_ERROR;
				CLANG_WARN_QUOTED_INCLUDE_IN_FRAMEWORK_HEADER = YES;
				CLANG_WARN_RANGE_LOOP_ANALYSIS = YES;
				CLANG_WARN_STRICT_PROTOTYPES = YES;
				CLANG_WARN_SUSPICIOUS_MOVE = YES;
				CLANG_WARN_UNGUARDED_AVAILABILITY = YES_AGGRESSIVE;
				CLANG_WARN_UNREACHABLE_CODE = YES;
				CLANG_WARN__DUPLICATE_METHOD_MATCH = YES;
				COPY_PHASE_STRIP = NO;
				DEBUG_INFORMATION_FORMAT = "dwarf-with-dsym";
				ENABLE_NS_ASSERTIONS = NO;
				ENABLE_STRICT_OBJC_MSGSEND = YES;
				GCC_C_LANGUAGE_STANDARD = gnu11;
				GCC_NO_COMMON_BLOCKS = YES;
				GCC_WARN_64_TO_32_BIT_CONVERSION = YES;
				GCC_WARN_ABOUT_RETURN_TYPE = YES_ERROR;
				GCC_WARN_UNDECLARED_SELECTOR = YES;
				GCC_WARN_UNINITIALIZED_AUTOS = YES_AGGRESSIVE;
				GCC_WARN_UNUSED_FUNCTION = YES;
				GCC_WARN_UNUSED_VARIABLE = YES;
				IPHONEOS_DEPLOYMENT_TARGET = 16.2;
				MTL_ENABLE_DEBUG_INFO = NO;
				MTL_FAST_MATH = YES;
				SDKROOT = iphoneos;
				SWIFT_COMPILATION_MODE = wholemodule;
				SWIFT_OPTIMIZATION_LEVEL = "-O";
				VALIDATE_PRODUCT = YES;
			};
			name = Release;
		};
		565DF3B72A53DF1700501002 /* Debug */ = {
			isa = XCBuildConfiguration;
			buildSettings = {
				ASSETCATALOG_COMPILER_APPICON_NAME = AppIcon;
				ASSETCATALOG_COMPILER_GLOBAL_ACCENT_COLOR_NAME = AccentColor;
				CODE_SIGN_STYLE = Automatic;
				CURRENT_PROJECT_VERSION = 1;
				DEVELOPMENT_TEAM = LS6MYD4RMV;
				GENERATE_INFOPLIST_FILE = YES;
				INFOPLIST_FILE = FirePlay/Info.plist;
				INFOPLIST_KEY_UIApplicationSupportsIndirectInputEvents = YES;
				INFOPLIST_KEY_UILaunchStoryboardName = LaunchScreen;
				INFOPLIST_KEY_UIMainStoryboardFile = Main;
				INFOPLIST_KEY_UISupportedInterfaceOrientations_iPad = "UIInterfaceOrientationPortrait UIInterfaceOrientationPortraitUpsideDown UIInterfaceOrientationLandscapeLeft UIInterfaceOrientationLandscapeRight";
				INFOPLIST_KEY_UISupportedInterfaceOrientations_iPhone = "UIInterfaceOrientationPortrait UIInterfaceOrientationLandscapeLeft UIInterfaceOrientationLandscapeRight";
				LD_RUNPATH_SEARCH_PATHS = (
					"$(inherited)",
					"@executable_path/Frameworks",
				);
				MARKETING_VERSION = 1.0;
				PRODUCT_BUNDLE_IDENTIFIER = app.development.FirePlay;
				PRODUCT_NAME = "$(TARGET_NAME)";
				SWIFT_EMIT_LOC_STRINGS = YES;
				SWIFT_VERSION = 5.0;
				TARGETED_DEVICE_FAMILY = "1,2";
			};
			name = Debug;
		};
		565DF3B82A53DF1700501002 /* Release */ = {
			isa = XCBuildConfiguration;
			buildSettings = {
				ASSETCATALOG_COMPILER_APPICON_NAME = AppIcon;
				ASSETCATALOG_COMPILER_GLOBAL_ACCENT_COLOR_NAME = AccentColor;
				CODE_SIGN_STYLE = Automatic;
				CURRENT_PROJECT_VERSION = 1;
				DEVELOPMENT_TEAM = LS6MYD4RMV;
				GENERATE_INFOPLIST_FILE = YES;
				INFOPLIST_FILE = FirePlay/Info.plist;
				INFOPLIST_KEY_UIApplicationSupportsIndirectInputEvents = YES;
				INFOPLIST_KEY_UILaunchStoryboardName = LaunchScreen;
				INFOPLIST_KEY_UIMainStoryboardFile = Main;
				INFOPLIST_KEY_UISupportedInterfaceOrientations_iPad = "UIInterfaceOrientationPortrait UIInterfaceOrientationPortraitUpsideDown UIInterfaceOrientationLandscapeLeft UIInterfaceOrientationLandscapeRight";
				INFOPLIST_KEY_UISupportedInterfaceOrientations_iPhone = "UIInterfaceOrientationPortrait UIInterfaceOrientationLandscapeLeft UIInterfaceOrientationLandscapeRight";
				LD_RUNPATH_SEARCH_PATHS = (
					"$(inherited)",
					"@executable_path/Frameworks",
				);
				MARKETING_VERSION = 1.0;
				PRODUCT_BUNDLE_IDENTIFIER = app.development.FirePlay;
				PRODUCT_NAME = "$(TARGET_NAME)";
				SWIFT_EMIT_LOC_STRINGS = YES;
				SWIFT_VERSION = 5.0;
				TARGETED_DEVICE_FAMILY = "1,2";
			};
			name = Release;
		};
/* End XCBuildConfiguration section */

/* Begin XCConfigurationList section */
		565DF39D2A53DF1600501002 /* Build configuration list for PBXProject "FirePlay" */ = {
			isa = XCConfigurationList;
			buildConfigurations = (
				565DF3B42A53DF1700501002 /* Debug */,
				565DF3B52A53DF1700501002 /* Release */,
			);
			defaultConfigurationIsVisible = 0;
			defaultConfigurationName = Release;
		};
		565DF3B62A53DF1700501002 /* Build configuration list for PBXNativeTarget "FirePlay" */ = {
			isa = XCConfigurationList;
			buildConfigurations = (
				565DF3B72A53DF1700501002 /* Debug */,
				565DF3B82A53DF1700501002 /* Release */,
			);
			defaultConfigurationIsVisible = 0;
			defaultConfigurationName = Release;
		};
/* End XCConfigurationList section */
	};
	rootObject = 565DF39A2A53DF1600501002 /* Project object */;
}
